PODS:
  - ADALiOS (1.2.9)
  - CryptoSwift (0.6.8)

DEPENDENCIES:
  - ADALiOS (~> 1.2.1)
  - CryptoSwift

SPEC CHECKSUMS:
  ADALiOS: fe8e6d04ff9eae098e1b43ecdd0c4cef08d99182
  CryptoSwift: f21ea03ed3a94e79d241648ce26652cd4810508a

PODFILE CHECKSUM: 435f13a235ad8714b0875c59600094d8a32cfff6

COCOAPODS: 1.1.1
