// !$*UTF8*$!
{
	archiveVersion = 1;
	classes = {
	};
	objectVersion = 46;
	objects = {

/* Begin PBXBuildFile section */
		91007C721CEE32EF006C8EED /* TruckSearchTableViewCell.swift in Sources */ = {isa = PBXBuildFile; fileRef = 91007C711CEE32EF006C8EED /* TruckSearchTableViewCell.swift */; };
		911E16C11CE24AA20062527E /* ConstructionViewController.swift in Sources */ = {isa = PBXBuildFile; fileRef = 911E16C01CE24AA20062527E /* ConstructionViewController.swift */; };
		911E16CB1CE4F5F40062527E /* TruckSearchViewController.swift in Sources */ = {isa = PBXBuildFile; fileRef = 911E16CA1CE4F5F40062527E /* TruckSearchViewController.swift */; };
		9133DEC11CE1307300F8330E /* AppDelegate.swift in Sources */ = {isa = PBXBuildFile; fileRef = 9133DEC01CE1307300F8330E /* AppDelegate.swift */; };
		9133DEC31CE1307300F8330E /* ViewController.swift in Sources */ = {isa = PBXBuildFile; fileRef = 9133DEC21CE1307300F8330E /* ViewController.swift */; };
		9133DEC61CE1307300F8330E /* Main.storyboard in Resources */ = {isa = PBXBuildFile; fileRef = 9133DEC41CE1307300F8330E /* Main.storyboard */; };
		9133DEC81CE1307300F8330E /* Assets.xcassets in Resources */ = {isa = PBXBuildFile; fileRef = 9133DEC71CE1307300F8330E /* Assets.xcassets */; };
		9133DECB1CE1307300F8330E /* LaunchScreen.storyboard in Resources */ = {isa = PBXBuildFile; fileRef = 9133DEC91CE1307300F8330E /* LaunchScreen.storyboard */; };
		9133DED61CE1307300F8330E /* ClydeLink_AppsTests.swift in Sources */ = {isa = PBXBuildFile; fileRef = 9133DED51CE1307300F8330E /* ClydeLink_AppsTests.swift */; };
		9133DEE11CE1307300F8330E /* ClydeLink_AppsUITests.swift in Sources */ = {isa = PBXBuildFile; fileRef = 9133DEE01CE1307300F8330E /* ClydeLink_AppsUITests.swift */; };
		9195A5AE1CE780C300C24D8F /* LoginViewController.swift in Sources */ = {isa = PBXBuildFile; fileRef = 9195A5AD1CE780C300C24D8F /* LoginViewController.swift */; };
		9195A5B31CE78CCD00C24D8F /* DataModel.xcdatamodeld in Sources */ = {isa = PBXBuildFile; fileRef = 9195A5B11CE78CCD00C24D8F /* DataModel.xcdatamodeld */; };
		9195A5B51CE7908B00C24D8F /* HomeViewController.swift in Sources */ = {isa = PBXBuildFile; fileRef = 9195A5B41CE7908B00C24D8F /* HomeViewController.swift */; };
		9195A5B71CE7A0EA00C24D8F /* HeaderTableViewCell.swift in Sources */ = {isa = PBXBuildFile; fileRef = 9195A5B61CE7A0EA00C24D8F /* HeaderTableViewCell.swift */; };
		9195A5B91CE7AC1000C24D8F /* AppTableViewCell.swift in Sources */ = {isa = PBXBuildFile; fileRef = 9195A5B81CE7AC1000C24D8F /* AppTableViewCell.swift */; };
		9195A5BB1CE7F74E00C24D8F /* EditViewController.swift in Sources */ = {isa = PBXBuildFile; fileRef = 9195A5BA1CE7F74E00C24D8F /* EditViewController.swift */; };
		919D7D581CEA71BB00055A0A /* SettingsViewController.swift in Sources */ = {isa = PBXBuildFile; fileRef = 919D7D571CEA71BB00055A0A /* SettingsViewController.swift */; };
		91E215C11CF8C94E0031B75F /* TruckSearchNRTableViewCell.swift in Sources */ = {isa = PBXBuildFile; fileRef = 91E215C01CF8C94E0031B75F /* TruckSearchNRTableViewCell.swift */; };
/* End PBXBuildFile section */

/* Begin PBXContainerItemProxy section */
		9133DED21CE1307300F8330E /* PBXContainerItemProxy */ = {
			isa = PBXContainerItemProxy;
			containerPortal = 9133DEB51CE1307300F8330E /* Project object */;
			proxyType = 1;
			remoteGlobalIDString = 9133DEBC1CE1307300F8330E;
			remoteInfo = "ClydeLink Apps";
		};
		9133DEDD1CE1307300F8330E /* PBXContainerItemProxy */ = {
			isa = PBXContainerItemProxy;
			containerPortal = 9133DEB51CE1307300F8330E /* Project object */;
			proxyType = 1;
			remoteGlobalIDString = 9133DEBC1CE1307300F8330E;
			remoteInfo = "ClydeLink Apps";
		};
/* End PBXContainerItemProxy section */

/* Begin PBXFileReference section */
		91007C711CEE32EF006C8EED /* TruckSearchTableViewCell.swift */ = {isa = PBXFileReference; fileEncoding = 4; lastKnownFileType = sourcecode.swift; path = TruckSearchTableViewCell.swift; sourceTree = "<group>"; };
		911E16C01CE24AA20062527E /* ConstructionViewController.swift */ = {isa = PBXFileReference; fileEncoding = 4; lastKnownFileType = sourcecode.swift; path = ConstructionViewController.swift; sourceTree = "<group>"; };
		911E16CA1CE4F5F40062527E /* TruckSearchViewController.swift */ = {isa = PBXFileReference; fileEncoding = 4; lastKnownFileType = sourcecode.swift; path = TruckSearchViewController.swift; sourceTree = "<group>"; };
		9133DEBD1CE1307300F8330E /* ClydeLink Apps.app */ = {isa = PBXFileReference; explicitFileType = wrapper.application; includeInIndex = 0; path = "ClydeLink Apps.app"; sourceTree = BUILT_PRODUCTS_DIR; };
		9133DEC01CE1307300F8330E /* AppDelegate.swift */ = {isa = PBXFileReference; lastKnownFileType = sourcecode.swift; path = AppDelegate.swift; sourceTree = "<group>"; };
		9133DEC21CE1307300F8330E /* ViewController.swift */ = {isa = PBXFileReference; lastKnownFileType = sourcecode.swift; path = ViewController.swift; sourceTree = "<group>"; };
		9133DEC51CE1307300F8330E /* Base */ = {isa = PBXFileReference; lastKnownFileType = file.storyboard; name = Base; path = Base.lproj/Main.storyboard; sourceTree = "<group>"; };
		9133DEC71CE1307300F8330E /* Assets.xcassets */ = {isa = PBXFileReference; lastKnownFileType = folder.assetcatalog; path = Assets.xcassets; sourceTree = "<group>"; };
		9133DECA1CE1307300F8330E /* Base */ = {isa = PBXFileReference; lastKnownFileType = file.storyboard; name = Base; path = Base.lproj/LaunchScreen.storyboard; sourceTree = "<group>"; };
		9133DECC1CE1307300F8330E /* Info.plist */ = {isa = PBXFileReference; lastKnownFileType = text.plist.xml; path = Info.plist; sourceTree = "<group>"; };
		9133DED11CE1307300F8330E /* ClydeLink AppsTests.xctest */ = {isa = PBXFileReference; explicitFileType = wrapper.cfbundle; includeInIndex = 0; path = "ClydeLink AppsTests.xctest"; sourceTree = BUILT_PRODUCTS_DIR; };
		9133DED51CE1307300F8330E /* ClydeLink_AppsTests.swift */ = {isa = PBXFileReference; lastKnownFileType = sourcecode.swift; path = ClydeLink_AppsTests.swift; sourceTree = "<group>"; };
		9133DED71CE1307300F8330E /* Info.plist */ = {isa = PBXFileReference; lastKnownFileType = text.plist.xml; path = Info.plist; sourceTree = "<group>"; };
		9133DEDC1CE1307300F8330E /* ClydeLink AppsUITests.xctest */ = {isa = PBXFileReference; explicitFileType = wrapper.cfbundle; includeInIndex = 0; path = "ClydeLink AppsUITests.xctest"; sourceTree = BUILT_PRODUCTS_DIR; };
		9133DEE01CE1307300F8330E /* ClydeLink_AppsUITests.swift */ = {isa = PBXFileReference; lastKnownFileType = sourcecode.swift; path = ClydeLink_AppsUITests.swift; sourceTree = "<group>"; };
		9133DEE21CE1307300F8330E /* Info.plist */ = {isa = PBXFileReference; lastKnownFileType = text.plist.xml; path = Info.plist; sourceTree = "<group>"; };
		9195A5AD1CE780C300C24D8F /* LoginViewController.swift */ = {isa = PBXFileReference; fileEncoding = 4; lastKnownFileType = sourcecode.swift; path = LoginViewController.swift; sourceTree = "<group>"; };
		9195A5B21CE78CCD00C24D8F /* DataModel.xcdatamodel */ = {isa = PBXFileReference; lastKnownFileType = wrapper.xcdatamodel; path = DataModel.xcdatamodel; sourceTree = "<group>"; };
		9195A5B41CE7908B00C24D8F /* HomeViewController.swift */ = {isa = PBXFileReference; fileEncoding = 4; lastKnownFileType = sourcecode.swift; path = HomeViewController.swift; sourceTree = "<group>"; };
		9195A5B61CE7A0EA00C24D8F /* HeaderTableViewCell.swift */ = {isa = PBXFileReference; fileEncoding = 4; lastKnownFileType = sourcecode.swift; path = HeaderTableViewCell.swift; sourceTree = "<group>"; };
		9195A5B81CE7AC1000C24D8F /* AppTableViewCell.swift */ = {isa = PBXFileReference; fileEncoding = 4; lastKnownFileType = sourcecode.swift; path = AppTableViewCell.swift; sourceTree = "<group>"; };
		9195A5BA1CE7F74E00C24D8F /* EditViewController.swift */ = {isa = PBXFileReference; fileEncoding = 4; lastKnownFileType = sourcecode.swift; path = EditViewController.swift; sourceTree = "<group>"; };
		919D7D571CEA71BB00055A0A /* SettingsViewController.swift */ = {isa = PBXFileReference; fileEncoding = 4; lastKnownFileType = sourcecode.swift; path = SettingsViewController.swift; sourceTree = "<group>"; };
		91E215C01CF8C94E0031B75F /* TruckSearchNRTableViewCell.swift */ = {isa = PBXFileReference; fileEncoding = 4; lastKnownFileType = sourcecode.swift; path = TruckSearchNRTableViewCell.swift; sourceTree = "<group>"; };
/* End PBXFileReference section */

/* Begin PBXFrameworksBuildPhase section */
		9133DEBA1CE1307300F8330E /* Frameworks */ = {
			isa = PBXFrameworksBuildPhase;
			buildActionMask = 2147483647;
			files = (
			);
			runOnlyForDeploymentPostprocessing = 0;
		};
		9133DECE1CE1307300F8330E /* Frameworks */ = {
			isa = PBXFrameworksBuildPhase;
			buildActionMask = 2147483647;
			files = (
			);
			runOnlyForDeploymentPostprocessing = 0;
		};
		9133DED91CE1307300F8330E /* Frameworks */ = {
			isa = PBXFrameworksBuildPhase;
			buildActionMask = 2147483647;
			files = (
			);
			runOnlyForDeploymentPostprocessing = 0;
		};
/* End PBXFrameworksBuildPhase section */

/* Begin PBXGroup section */
		9133DEB41CE1307300F8330E = {
			isa = PBXGroup;
			children = (
				9133DEBF1CE1307300F8330E /* ClydeLink Apps */,
				9133DED41CE1307300F8330E /* ClydeLink AppsTests */,
				9133DEDF1CE1307300F8330E /* ClydeLink AppsUITests */,
				9133DEBE1CE1307300F8330E /* Products */,
			);
			sourceTree = "<group>";
		};
		9133DEBE1CE1307300F8330E /* Products */ = {
			isa = PBXGroup;
			children = (
				9133DEBD1CE1307300F8330E /* ClydeLink Apps.app */,
				9133DED11CE1307300F8330E /* ClydeLink AppsTests.xctest */,
				9133DEDC1CE1307300F8330E /* ClydeLink AppsUITests.xctest */,
			);
			name = Products;
			sourceTree = "<group>";
		};
		9133DEBF1CE1307300F8330E /* ClydeLink Apps */ = {
			isa = PBXGroup;
			children = (
				9195A5BC1CE7FAEC00C24D8F /* View Controllers */,
				9133DEC41CE1307300F8330E /* Main.storyboard */,
				9133DEC71CE1307300F8330E /* Assets.xcassets */,
				9133DEC91CE1307300F8330E /* LaunchScreen.storyboard */,
				9133DECC1CE1307300F8330E /* Info.plist */,
				9195A5B11CE78CCD00C24D8F /* DataModel.xcdatamodeld */,
			);
			path = "ClydeLink Apps";
			sourceTree = "<group>";
		};
		9133DED41CE1307300F8330E /* ClydeLink AppsTests */ = {
			isa = PBXGroup;
			children = (
				9133DED51CE1307300F8330E /* ClydeLink_AppsTests.swift */,
				9133DED71CE1307300F8330E /* Info.plist */,
			);
			path = "ClydeLink AppsTests";
			sourceTree = "<group>";
		};
		9133DEDF1CE1307300F8330E /* ClydeLink AppsUITests */ = {
			isa = PBXGroup;
			children = (
				9133DEE01CE1307300F8330E /* ClydeLink_AppsUITests.swift */,
				9133DEE21CE1307300F8330E /* Info.plist */,
			);
			path = "ClydeLink AppsUITests";
			sourceTree = "<group>";
		};
		9195A5BC1CE7FAEC00C24D8F /* View Controllers */ = {
			isa = PBXGroup;
			children = (
				9133DEC01CE1307300F8330E /* AppDelegate.swift */,
				9133DEC21CE1307300F8330E /* ViewController.swift */,
				911E16C01CE24AA20062527E /* ConstructionViewController.swift */,
				911E16CA1CE4F5F40062527E /* TruckSearchViewController.swift */,
				9195A5AD1CE780C300C24D8F /* LoginViewController.swift */,
				9195A5B41CE7908B00C24D8F /* HomeViewController.swift */,
				9195A5B61CE7A0EA00C24D8F /* HeaderTableViewCell.swift */,
				9195A5B81CE7AC1000C24D8F /* AppTableViewCell.swift */,
				9195A5BA1CE7F74E00C24D8F /* EditViewController.swift */,
				919D7D571CEA71BB00055A0A /* SettingsViewController.swift */,
				91007C711CEE32EF006C8EED /* TruckSearchTableViewCell.swift */,
				91E215C01CF8C94E0031B75F /* TruckSearchNRTableViewCell.swift */,
			);
			name = "View Controllers";
			sourceTree = "<group>";
		};
/* End PBXGroup section */

/* Begin PBXNativeTarget section */
		9133DEBC1CE1307300F8330E /* ClydeLink Apps */ = {
			isa = PBXNativeTarget;
			buildConfigurationList = 9133DEE51CE1307300F8330E /* Build configuration list for PBXNativeTarget "ClydeLink Apps" */;
			buildPhases = (
				9133DEB91CE1307300F8330E /* Sources */,
				9133DEBA1CE1307300F8330E /* Frameworks */,
				9133DEBB1CE1307300F8330E /* Resources */,
			);
			buildRules = (
			);
			dependencies = (
			);
			name = "ClydeLink Apps";
			productName = "ClydeLink Apps";
			productReference = 9133DEBD1CE1307300F8330E /* ClydeLink Apps.app */;
			productType = "com.apple.product-type.application";
		};
		9133DED01CE1307300F8330E /* ClydeLink AppsTests */ = {
			isa = PBXNativeTarget;
			buildConfigurationList = 9133DEE81CE1307300F8330E /* Build configuration list for PBXNativeTarget "ClydeLink AppsTests" */;
			buildPhases = (
				9133DECD1CE1307300F8330E /* Sources */,
				9133DECE1CE1307300F8330E /* Frameworks */,
				9133DECF1CE1307300F8330E /* Resources */,
			);
			buildRules = (
			);
			dependencies = (
				9133DED31CE1307300F8330E /* PBXTargetDependency */,
			);
			name = "ClydeLink AppsTests";
			productName = "ClydeLink AppsTests";
			productReference = 9133DED11CE1307300F8330E /* ClydeLink AppsTests.xctest */;
			productType = "com.apple.product-type.bundle.unit-test";
		};
		9133DEDB1CE1307300F8330E /* ClydeLink AppsUITests */ = {
			isa = PBXNativeTarget;
			buildConfigurationList = 9133DEEB1CE1307300F8330E /* Build configuration list for PBXNativeTarget "ClydeLink AppsUITests" */;
			buildPhases = (
				9133DED81CE1307300F8330E /* Sources */,
				9133DED91CE1307300F8330E /* Frameworks */,
				9133DEDA1CE1307300F8330E /* Resources */,
			);
			buildRules = (
			);
			dependencies = (
				9133DEDE1CE1307300F8330E /* PBXTargetDependency */,
			);
			name = "ClydeLink AppsUITests";
			productName = "ClydeLink AppsUITests";
			productReference = 9133DEDC1CE1307300F8330E /* ClydeLink AppsUITests.xctest */;
			productType = "com.apple.product-type.bundle.ui-testing";
		};
/* End PBXNativeTarget section */

/* Begin PBXProject section */
		9133DEB51CE1307300F8330E /* Project object */ = {
			isa = PBXProject;
			attributes = {
				LastSwiftUpdateCheck = 0730;
				LastUpgradeCheck = 0730;
				ORGANIZATIONNAME = "XLR8 Development LLC";
				TargetAttributes = {
					9133DEBC1CE1307300F8330E = {
						CreatedOnToolsVersion = 7.3.1;
						DevelopmentTeam = KG98U97GTN;
					};
					9133DED01CE1307300F8330E = {
						CreatedOnToolsVersion = 7.3.1;
						TestTargetID = 9133DEBC1CE1307300F8330E;
					};
					9133DEDB1CE1307300F8330E = {
						CreatedOnToolsVersion = 7.3.1;
						TestTargetID = 9133DEBC1CE1307300F8330E;
					};
				};
			};
			buildConfigurationList = 9133DEB81CE1307300F8330E /* Build configuration list for PBXProject "ClydeLink Apps" */;
			compatibilityVersion = "Xcode 3.2";
			developmentRegion = English;
			hasScannedForEncodings = 0;
			knownRegions = (
				en,
				Base,
			);
			mainGroup = 9133DEB41CE1307300F8330E;
			productRefGroup = 9133DEBE1CE1307300F8330E /* Products */;
			projectDirPath = "";
			projectRoot = "";
			targets = (
				9133DEBC1CE1307300F8330E /* ClydeLink Apps */,
				9133DED01CE1307300F8330E /* ClydeLink AppsTests */,
				9133DEDB1CE1307300F8330E /* ClydeLink AppsUITests */,
			);
		};
/* End PBXProject section */

/* Begin PBXResourcesBuildPhase section */
		9133DEBB1CE1307300F8330E /* Resources */ = {
			isa = PBXResourcesBuildPhase;
			buildActionMask = 2147483647;
			files = (
				9133DECB1CE1307300F8330E /* LaunchScreen.storyboard in Resources */,
				9133DEC81CE1307300F8330E /* Assets.xcassets in Resources */,
				9133DEC61CE1307300F8330E /* Main.storyboard in Resources */,
			);
			runOnlyForDeploymentPostprocessing = 0;
		};
		9133DECF1CE1307300F8330E /* Resources */ = {
			isa = PBXResourcesBuildPhase;
			buildActionMask = 2147483647;
			files = (
			);
			runOnlyForDeploymentPostprocessing = 0;
		};
		9133DEDA1CE1307300F8330E /* Resources */ = {
			isa = PBXResourcesBuildPhase;
			buildActionMask = 2147483647;
			files = (
			);
			runOnlyForDeploymentPostprocessing = 0;
		};
/* End PBXResourcesBuildPhase section */

/* Begin PBXSourcesBuildPhase section */
		9133DEB91CE1307300F8330E /* Sources */ = {
			isa = PBXSourcesBuildPhase;
			buildActionMask = 2147483647;
			files = (
				9195A5B91CE7AC1000C24D8F /* AppTableViewCell.swift in Sources */,
				91007C721CEE32EF006C8EED /* TruckSearchTableViewCell.swift in Sources */,
				9195A5B71CE7A0EA00C24D8F /* HeaderTableViewCell.swift in Sources */,
				91E215C11CF8C94E0031B75F /* TruckSearchNRTableViewCell.swift in Sources */,
				911E16CB1CE4F5F40062527E /* TruckSearchViewController.swift in Sources */,
				9133DEC31CE1307300F8330E /* ViewController.swift in Sources */,
				9195A5B51CE7908B00C24D8F /* HomeViewController.swift in Sources */,
				9195A5B31CE78CCD00C24D8F /* DataModel.xcdatamodeld in Sources */,
				9133DEC11CE1307300F8330E /* AppDelegate.swift in Sources */,
				9195A5AE1CE780C300C24D8F /* LoginViewController.swift in Sources */,
				9195A5BB1CE7F74E00C24D8F /* EditViewController.swift in Sources */,
				911E16C11CE24AA20062527E /* ConstructionViewController.swift in Sources */,
				919D7D581CEA71BB00055A0A /* SettingsViewController.swift in Sources */,
			);
			runOnlyForDeploymentPostprocessing = 0;
		};
		9133DECD1CE1307300F8330E /* Sources */ = {
			isa = PBXSourcesBuildPhase;
			buildActionMask = 2147483647;
			files = (
				9133DED61CE1307300F8330E /* ClydeLink_AppsTests.swift in Sources */,
			);
			runOnlyForDeploymentPostprocessing = 0;
		};
		9133DED81CE1307300F8330E /* Sources */ = {
			isa = PBXSourcesBuildPhase;
			buildActionMask = 2147483647;
			files = (
				9133DEE11CE1307300F8330E /* ClydeLink_AppsUITests.swift in Sources */,
			);
			runOnlyForDeploymentPostprocessing = 0;
		};
/* End PBXSourcesBuildPhase section */

/* Begin PBXTargetDependency section */
		9133DED31CE1307300F8330E /* PBXTargetDependency */ = {
			isa = PBXTargetDependency;
			target = 9133DEBC1CE1307300F8330E /* ClydeLink Apps */;
			targetProxy = 9133DED21CE1307300F8330E /* PBXContainerItemProxy */;
		};
		9133DEDE1CE1307300F8330E /* PBXTargetDependency */ = {
			isa = PBXTargetDependency;
			target = 9133DEBC1CE1307300F8330E /* ClydeLink Apps */;
			targetProxy = 9133DEDD1CE1307300F8330E /* PBXContainerItemProxy */;
		};
/* End PBXTargetDependency section */

/* Begin PBXVariantGroup section */
		9133DEC41CE1307300F8330E /* Main.storyboard */ = {
			isa = PBXVariantGroup;
			children = (
				9133DEC51CE1307300F8330E /* Base */,
			);
			name = Main.storyboard;
			sourceTree = "<group>";
		};
		9133DEC91CE1307300F8330E /* LaunchScreen.storyboard */ = {
			isa = PBXVariantGroup;
			children = (
				9133DECA1CE1307300F8330E /* Base */,
			);
			name = LaunchScreen.storyboard;
			sourceTree = "<group>";
		};
/* End PBXVariantGroup section */

/* Begin XCBuildConfiguration section */
		9133DEE31CE1307300F8330E /* Debug */ = {
			isa = XCBuildConfiguration;
			buildSettings = {
				ALWAYS_SEARCH_USER_PATHS = NO;
				CLANG_ANALYZER_NONNULL = YES;
				CLANG_CXX_LANGUAGE_STANDARD = "gnu++0x";
				CLANG_CXX_LIBRARY = "libc++";
				CLANG_ENABLE_MODULES = YES;
				CLANG_ENABLE_OBJC_ARC = YES;
				CLANG_WARN_BOOL_CONVERSION = YES;
				CLANG_WARN_CONSTANT_CONVERSION = YES;
				CLANG_WARN_DIRECT_OBJC_ISA_USAGE = YES_ERROR;
				CLANG_WARN_EMPTY_BODY = YES;
				CLANG_WARN_ENUM_CONVERSION = YES;
				CLANG_WARN_INT_CONVERSION = YES;
				CLANG_WARN_OBJC_ROOT_CLASS = YES_ERROR;
				CLANG_WARN_UNREACHABLE_CODE = YES;
				CLANG_WARN__DUPLICATE_METHOD_MATCH = YES;
				"CODE_SIGN_IDENTITY[sdk=iphoneos*]" = "iPhone Developer";
				COPY_PHASE_STRIP = NO;
				DEBUG_INFORMATION_FORMAT = dwarf;
				ENABLE_STRICT_OBJC_MSGSEND = YES;
				ENABLE_TESTABILITY = YES;
				GCC_C_LANGUAGE_STANDARD = gnu99;
				GCC_DYNAMIC_NO_PIC = NO;
				GCC_NO_COMMON_BLOCKS = YES;
				GCC_OPTIMIZATION_LEVEL = 0;
				GCC_PREPROCESSOR_DEFINITIONS = (
					"DEBUG=1",
					"$(inherited)",
				);
				GCC_WARN_64_TO_32_BIT_CONVERSION = YES;
				GCC_WARN_ABOUT_RETURN_TYPE = YES_ERROR;
				GCC_WARN_UNDECLARED_SELECTOR = YES;
				GCC_WARN_UNINITIALIZED_AUTOS = YES_AGGRESSIVE;
				GCC_WARN_UNUSED_FUNCTION = YES;
				GCC_WARN_UNUSED_VARIABLE = YES;
				IPHONEOS_DEPLOYMENT_TARGET = 9.3;
				MTL_ENABLE_DEBUG_INFO = YES;
				ONLY_ACTIVE_ARCH = YES;
				SDKROOT = iphoneos;
				SWIFT_OPTIMIZATION_LEVEL = "-Onone";
			};
			name = Debug;
		};
		9133DEE41CE1307300F8330E /* Release */ = {
			isa = XCBuildConfiguration;
			buildSettings = {
				ALWAYS_SEARCH_USER_PATHS = NO;
				CLANG_ANALYZER_NONNULL = YES;
				CLANG_CXX_LANGUAGE_STANDARD = "gnu++0x";
				CLANG_CXX_LIBRARY = "libc++";
				CLANG_ENABLE_MODULES = YES;
				CLANG_ENABLE_OBJC_ARC = YES;
				CLANG_WARN_BOOL_CONVERSION = YES;
				CLANG_WARN_CONSTANT_CONVERSION = YES;
				CLANG_WARN_DIRECT_OBJC_ISA_USAGE = YES_ERROR;
				CLANG_WARN_EMPTY_BODY = YES;
				CLANG_WARN_ENUM_CONVERSION = YES;
				CLANG_WARN_INT_CONVERSION = YES;
				CLANG_WARN_OBJC_ROOT_CLASS = YES_ERROR;
				CLANG_WARN_UNREACHABLE_CODE = YES;
				CLANG_WARN__DUPLICATE_METHOD_MATCH = YES;
				"CODE_SIGN_IDENTITY[sdk=iphoneos*]" = "iPhone Developer";
				COPY_PHASE_STRIP = NO;
				DEBUG_INFORMATION_FORMAT = "dwarf-with-dsym";
				ENABLE_NS_ASSERTIONS = NO;
				ENABLE_STRICT_OBJC_MSGSEND = YES;
				GCC_C_LANGUAGE_STANDARD = gnu99;
				GCC_NO_COMMON_BLOCKS = YES;
				GCC_WARN_64_TO_32_BIT_CONVERSION = YES;
				GCC_WARN_ABOUT_RETURN_TYPE = YES_ERROR;
				GCC_WARN_UNDECLARED_SELECTOR = YES;
				GCC_WARN_UNINITIALIZED_AUTOS = YES_AGGRESSIVE;
				GCC_WARN_UNUSED_FUNCTION = YES;
				GCC_WARN_UNUSED_VARIABLE = YES;
				IPHONEOS_DEPLOYMENT_TARGET = 9.3;
				MTL_ENABLE_DEBUG_INFO = NO;
				SDKROOT = iphoneos;
				VALIDATE_PRODUCT = YES;
			};
			name = Release;
		};
		9133DEE61CE1307300F8330E /* Debug */ = {
			isa = XCBuildConfiguration;
			buildSettings = {
				ASSETCATALOG_COMPILER_APPICON_NAME = AppIcon;
				CODE_SIGN_IDENTITY = "iPhone Developer";
				"CODE_SIGN_IDENTITY[sdk=iphoneos*]" = "iPhone Developer";
				EMBEDDED_CONTENT_CONTAINS_SWIFT = YES;
				INFOPLIST_FILE = "ClydeLink Apps/Info.plist";
				LD_RUNPATH_SEARCH_PATHS = "$(inherited) @executable_path/Frameworks";
				PRODUCT_BUNDLE_IDENTIFIER = "XLR8.ClydeLink-Apps";
				PRODUCT_NAME = "$(TARGET_NAME)";
				PROVISIONING_PROFILE = "";
				TARGETED_DEVICE_FAMILY = 1;
			};
			name = Debug;
		};
		9133DEE71CE1307300F8330E /* Release */ = {
			isa = XCBuildConfiguration;
			buildSettings = {
				ASSETCATALOG_COMPILER_APPICON_NAME = AppIcon;
				CODE_SIGN_IDENTITY = "iPhone Developer";
				"CODE_SIGN_IDENTITY[sdk=iphoneos*]" = "iPhone Developer";
				EMBEDDED_CONTENT_CONTAINS_SWIFT = YES;
				INFOPLIST_FILE = "ClydeLink Apps/Info.plist";
				LD_RUNPATH_SEARCH_PATHS = "$(inherited) @executable_path/Frameworks";
				PRODUCT_BUNDLE_IDENTIFIER = "XLR8.ClydeLink-Apps";
				PRODUCT_NAME = "$(TARGET_NAME)";
				PROVISIONING_PROFILE = "";
				TARGETED_DEVICE_FAMILY = 1;
			};
			name = Release;
		};
		9133DEE91CE1307300F8330E /* Debug */ = {
			isa = XCBuildConfiguration;
			buildSettings = {
				BUNDLE_LOADER = "$(TEST_HOST)";
				INFOPLIST_FILE = "ClydeLink AppsTests/Info.plist";
				LD_RUNPATH_SEARCH_PATHS = "$(inherited) @executable_path/Frameworks @loader_path/Frameworks";
				PRODUCT_BUNDLE_IDENTIFIER = "XLR8.ClydeLink-AppsTests";
				PRODUCT_NAME = "$(TARGET_NAME)";
				TEST_HOST = "$(BUILT_PRODUCTS_DIR)/ClydeLink Apps.app/ClydeLink Apps";
			};
			name = Debug;
		};
		9133DEEA1CE1307300F8330E /* Release */ = {
			isa = XCBuildConfiguration;
			buildSettings = {
				BUNDLE_LOADER = "$(TEST_HOST)";
				INFOPLIST_FILE = "ClydeLink AppsTests/Info.plist";
				LD_RUNPATH_SEARCH_PATHS = "$(inherited) @executable_path/Frameworks @loader_path/Frameworks";
				PRODUCT_BUNDLE_IDENTIFIER = "XLR8.ClydeLink-AppsTests";
				PRODUCT_NAME = "$(TARGET_NAME)";
				TEST_HOST = "$(BUILT_PRODUCTS_DIR)/ClydeLink Apps.app/ClydeLink Apps";
			};
			name = Release;
		};
		9133DEEC1CE1307300F8330E /* Debug */ = {
			isa = XCBuildConfiguration;
			buildSettings = {
				INFOPLIST_FILE = "ClydeLink AppsUITests/Info.plist";
				LD_RUNPATH_SEARCH_PATHS = "$(inherited) @executable_path/Frameworks @loader_path/Frameworks";
				PRODUCT_BUNDLE_IDENTIFIER = "XLR8.ClydeLink-AppsUITests";
				PRODUCT_NAME = "$(TARGET_NAME)";
				TEST_TARGET_NAME = "ClydeLink Apps";
			};
			name = Debug;
		};
		9133DEED1CE1307300F8330E /* Release */ = {
			isa = XCBuildConfiguration;
			buildSettings = {
				INFOPLIST_FILE = "ClydeLink AppsUITests/Info.plist";
				LD_RUNPATH_SEARCH_PATHS = "$(inherited) @executable_path/Frameworks @loader_path/Frameworks";
				PRODUCT_BUNDLE_IDENTIFIER = "XLR8.ClydeLink-AppsUITests";
				PRODUCT_NAME = "$(TARGET_NAME)";
				TEST_TARGET_NAME = "ClydeLink Apps";
			};
			name = Release;
		};
/* End XCBuildConfiguration section */

/* Begin XCConfigurationList section */
		9133DEB81CE1307300F8330E /* Build configuration list for PBXProject "ClydeLink Apps" */ = {
			isa = XCConfigurationList;
			buildConfigurations = (
				9133DEE31CE1307300F8330E /* Debug */,
				9133DEE41CE1307300F8330E /* Release */,
			);
			defaultConfigurationIsVisible = 0;
			defaultConfigurationName = Release;
		};
		9133DEE51CE1307300F8330E /* Build configuration list for PBXNativeTarget "ClydeLink Apps" */ = {
			isa = XCConfigurationList;
			buildConfigurations = (
				9133DEE61CE1307300F8330E /* Debug */,
				9133DEE71CE1307300F8330E /* Release */,
			);
			defaultConfigurationIsVisible = 0;
			defaultConfigurationName = Release;
		};
		9133DEE81CE1307300F8330E /* Build configuration list for PBXNativeTarget "ClydeLink AppsTests" */ = {
			isa = XCConfigurationList;
			buildConfigurations = (
				9133DEE91CE1307300F8330E /* Debug */,
				9133DEEA1CE1307300F8330E /* Release */,
			);
			defaultConfigurationIsVisible = 0;
			defaultConfigurationName = Release;
		};
		9133DEEB1CE1307300F8330E /* Build configuration list for PBXNativeTarget "ClydeLink AppsUITests" */ = {
			isa = XCConfigurationList;
			buildConfigurations = (
				9133DEEC1CE1307300F8330E /* Debug */,
				9133DEED1CE1307300F8330E /* Release */,
			);
			defaultConfigurationIsVisible = 0;
			defaultConfigurationName = Release;
		};
/* End XCConfigurationList section */

/* Begin XCVersionGroup section */
		9195A5B11CE78CCD00C24D8F /* DataModel.xcdatamodeld */ = {
			isa = XCVersionGroup;
			children = (
				9195A5B21CE78CCD00C24D8F /* DataModel.xcdatamodel */,
			);
			currentVersion = 9195A5B21CE78CCD00C24D8F /* DataModel.xcdatamodel */;
			path = DataModel.xcdatamodeld;
			sourceTree = "<group>";
			versionGroupType = wrapper.xcdatamodel;
		};
/* End XCVersionGroup section */
	};
	rootObject = 9133DEB51CE1307300F8330E /* Project object */;
}
