// !$*UTF8*$!
{
	archiveVersion = 1;
	classes = {
	};
	objectVersion = 46;
	objects = {

/* Begin PBXBuildFile section */
		3834F4181D013513006E9EFA /* App.swift in Sources */ = {isa = PBXBuildFile; fileRef = 3834F4171D013513006E9EFA /* App.swift */; };
		385E68B21D2C1CD300302062 /* SyncNow.swift in Sources */ = {isa = PBXBuildFile; fileRef = 385E68B11D2C1CD300302062 /* SyncNow.swift */; };
		38783BBA1D09E4BC003987C5 /* AddTableViewCell.swift in Sources */ = {isa = PBXBuildFile; fileRef = 38783BB91D09E4BC003987C5 /* AddTableViewCell.swift */; };
		389CDE4B1D2D705000CD7CDB /* BlankFavoriteTableViewCell.swift in Sources */ = {isa = PBXBuildFile; fileRef = 389CDE4A1D2D705000CD7CDB /* BlankFavoriteTableViewCell.swift */; };
		91007C721CEE32EF006C8EED /* TruckSearchTableViewCell.swift in Sources */ = {isa = PBXBuildFile; fileRef = 91007C711CEE32EF006C8EED /* TruckSearchTableViewCell.swift */; };
		911E16C11CE24AA20062527E /* ConstructionViewController.swift in Sources */ = {isa = PBXBuildFile; fileRef = 911E16C01CE24AA20062527E /* ConstructionViewController.swift */; };
		911E16CB1CE4F5F40062527E /* TruckSearchViewController.swift in Sources */ = {isa = PBXBuildFile; fileRef = 911E16CA1CE4F5F40062527E /* TruckSearchViewController.swift */; };
		9133DEC11CE1307300F8330E /* AppDelegate.swift in Sources */ = {isa = PBXBuildFile; fileRef = 9133DEC01CE1307300F8330E /* AppDelegate.swift */; };
		9133DEC61CE1307300F8330E /* Main.storyboard in Resources */ = {isa = PBXBuildFile; fileRef = 9133DEC41CE1307300F8330E /* Main.storyboard */; };
		9133DEC81CE1307300F8330E /* Assets.xcassets in Resources */ = {isa = PBXBuildFile; fileRef = 9133DEC71CE1307300F8330E /* Assets.xcassets */; };
		9133DECB1CE1307300F8330E /* LaunchScreen.storyboard in Resources */ = {isa = PBXBuildFile; fileRef = 9133DEC91CE1307300F8330E /* LaunchScreen.storyboard */; };
		9133DED61CE1307300F8330E /* ClydeLink_AppsTests.swift in Sources */ = {isa = PBXBuildFile; fileRef = 9133DED51CE1307300F8330E /* ClydeLink_AppsTests.swift */; };
		9133DEE11CE1307300F8330E /* ClydeLink_AppsUITests.swift in Sources */ = {isa = PBXBuildFile; fileRef = 9133DEE01CE1307300F8330E /* ClydeLink_AppsUITests.swift */; };
		9170518D1D2D6FD7001B2680 /* BlankAddTableViewCell.swift in Sources */ = {isa = PBXBuildFile; fileRef = 9170518C1D2D6FD7001B2680 /* BlankAddTableViewCell.swift */; };
		9195A5AE1CE780C300C24D8F /* LoginViewController.swift in Sources */ = {isa = PBXBuildFile; fileRef = 9195A5AD1CE780C300C24D8F /* LoginViewController.swift */; };
		9195A5B31CE78CCD00C24D8F /* DataModel.xcdatamodeld in Sources */ = {isa = PBXBuildFile; fileRef = 9195A5B11CE78CCD00C24D8F /* DataModel.xcdatamodeld */; };
		9195A5B51CE7908B00C24D8F /* HomeViewController.swift in Sources */ = {isa = PBXBuildFile; fileRef = 9195A5B41CE7908B00C24D8F /* HomeViewController.swift */; };
		9195A5B91CE7AC1000C24D8F /* AppTableViewCell.swift in Sources */ = {isa = PBXBuildFile; fileRef = 9195A5B81CE7AC1000C24D8F /* AppTableViewCell.swift */; };
		919D7D581CEA71BB00055A0A /* SettingsViewController.swift in Sources */ = {isa = PBXBuildFile; fileRef = 919D7D571CEA71BB00055A0A /* SettingsViewController.swift */; };
		91C237E71D04F91E00E00B0B /* AddViewController.swift in Sources */ = {isa = PBXBuildFile; fileRef = 91C237E61D04F91E00E00B0B /* AddViewController.swift */; };
		91E215C51CFE6E980031B75F /* TruckSearchNRTableViewCell.swift in Sources */ = {isa = PBXBuildFile; fileRef = 91E215C41CFE6E980031B75F /* TruckSearchNRTableViewCell.swift */; };
		969D4CA04D3DE78627DFFB97 /* Pods_ClydeLink_Apps.framework in Frameworks */ = {isa = PBXBuildFile; fileRef = BEAE74D78016B59E01845260 /* Pods_ClydeLink_Apps.framework */; };
/* End PBXBuildFile section */

/* Begin PBXContainerItemProxy section */
		9133DED21CE1307300F8330E /* PBXContainerItemProxy */ = {
			isa = PBXContainerItemProxy;
			containerPortal = 9133DEB51CE1307300F8330E /* Project object */;
			proxyType = 1;
			remoteGlobalIDString = 9133DEBC1CE1307300F8330E;
			remoteInfo = "ClydeLink Apps";
		};
		9133DEDD1CE1307300F8330E /* PBXContainerItemProxy */ = {
			isa = PBXContainerItemProxy;
			containerPortal = 9133DEB51CE1307300F8330E /* Project object */;
			proxyType = 1;
			remoteGlobalIDString = 9133DEBC1CE1307300F8330E;
			remoteInfo = "ClydeLink Apps";
		};
/* End PBXContainerItemProxy section */

/* Begin PBXCopyFilesBuildPhase section */
		09B9F0F01E98202E00C672E7 /* Embed Frameworks */ = {
			isa = PBXCopyFilesBuildPhase;
			buildActionMask = 2147483647;
			dstPath = "";
			dstSubfolderSpec = 10;
			files = (
			);
			name = "Embed Frameworks";
			runOnlyForDeploymentPostprocessing = 0;
		};
/* End PBXCopyFilesBuildPhase section */

/* Begin PBXFileReference section */
		0B1A6533EB396CAC1ABB74BA /* Pods-ClydeLink Apps.release.xcconfig */ = {isa = PBXFileReference; includeInIndex = 1; lastKnownFileType = text.xcconfig; name = "Pods-ClydeLink Apps.release.xcconfig"; path = "Pods/Target Support Files/Pods-ClydeLink Apps/Pods-ClydeLink Apps.release.xcconfig"; sourceTree = "<group>"; };
		3834F4171D013513006E9EFA /* App.swift */ = {isa = PBXFileReference; fileEncoding = 4; lastKnownFileType = sourcecode.swift; path = App.swift; sourceTree = "<group>"; };
		385E68B11D2C1CD300302062 /* SyncNow.swift */ = {isa = PBXFileReference; fileEncoding = 4; lastKnownFileType = sourcecode.swift; path = SyncNow.swift; sourceTree = "<group>"; };
		38783BB91D09E4BC003987C5 /* AddTableViewCell.swift */ = {isa = PBXFileReference; fileEncoding = 4; lastKnownFileType = sourcecode.swift; path = AddTableViewCell.swift; sourceTree = "<group>"; };
		389CDE4A1D2D705000CD7CDB /* BlankFavoriteTableViewCell.swift */ = {isa = PBXFileReference; fileEncoding = 4; lastKnownFileType = sourcecode.swift; path = BlankFavoriteTableViewCell.swift; sourceTree = "<group>"; };
		5BAC453A2475999DCD032640 /* Pods-ClydeLink Apps.debug.xcconfig */ = {isa = PBXFileReference; includeInIndex = 1; lastKnownFileType = text.xcconfig; name = "Pods-ClydeLink Apps.debug.xcconfig"; path = "Pods/Target Support Files/Pods-ClydeLink Apps/Pods-ClydeLink Apps.debug.xcconfig"; sourceTree = "<group>"; };
		91007C711CEE32EF006C8EED /* TruckSearchTableViewCell.swift */ = {isa = PBXFileReference; fileEncoding = 4; lastKnownFileType = sourcecode.swift; path = TruckSearchTableViewCell.swift; sourceTree = "<group>"; };
		911E16C01CE24AA20062527E /* ConstructionViewController.swift */ = {isa = PBXFileReference; fileEncoding = 4; lastKnownFileType = sourcecode.swift; path = ConstructionViewController.swift; sourceTree = "<group>"; };
		911E16CA1CE4F5F40062527E /* TruckSearchViewController.swift */ = {isa = PBXFileReference; fileEncoding = 4; lastKnownFileType = sourcecode.swift; path = TruckSearchViewController.swift; sourceTree = "<group>"; };
		9133DEBD1CE1307300F8330E /* ClydeLink Apps.app */ = {isa = PBXFileReference; explicitFileType = wrapper.application; includeInIndex = 0; path = "ClydeLink Apps.app"; sourceTree = BUILT_PRODUCTS_DIR; };
		9133DEC01CE1307300F8330E /* AppDelegate.swift */ = {isa = PBXFileReference; lastKnownFileType = sourcecode.swift; path = AppDelegate.swift; sourceTree = "<group>"; };
		9133DEC51CE1307300F8330E /* Base */ = {isa = PBXFileReference; lastKnownFileType = file.storyboard; name = Base; path = Base.lproj/Main.storyboard; sourceTree = "<group>"; };
		9133DEC71CE1307300F8330E /* Assets.xcassets */ = {isa = PBXFileReference; lastKnownFileType = folder.assetcatalog; path = Assets.xcassets; sourceTree = "<group>"; };
		9133DECA1CE1307300F8330E /* Base */ = {isa = PBXFileReference; lastKnownFileType = file.storyboard; name = Base; path = Base.lproj/LaunchScreen.storyboard; sourceTree = "<group>"; };
		9133DECC1CE1307300F8330E /* Info.plist */ = {isa = PBXFileReference; lastKnownFileType = text.plist.xml; path = Info.plist; sourceTree = "<group>"; };
		9133DED11CE1307300F8330E /* ClydeLink AppsTests.xctest */ = {isa = PBXFileReference; explicitFileType = wrapper.cfbundle; includeInIndex = 0; path = "ClydeLink AppsTests.xctest"; sourceTree = BUILT_PRODUCTS_DIR; };
		9133DED51CE1307300F8330E /* ClydeLink_AppsTests.swift */ = {isa = PBXFileReference; lastKnownFileType = sourcecode.swift; path = ClydeLink_AppsTests.swift; sourceTree = "<group>"; };
		9133DED71CE1307300F8330E /* Info.plist */ = {isa = PBXFileReference; lastKnownFileType = text.plist.xml; path = Info.plist; sourceTree = "<group>"; };
		9133DEDC1CE1307300F8330E /* ClydeLink AppsUITests.xctest */ = {isa = PBXFileReference; explicitFileType = wrapper.cfbundle; includeInIndex = 0; path = "ClydeLink AppsUITests.xctest"; sourceTree = BUILT_PRODUCTS_DIR; };
		9133DEE01CE1307300F8330E /* ClydeLink_AppsUITests.swift */ = {isa = PBXFileReference; lastKnownFileType = sourcecode.swift; path = ClydeLink_AppsUITests.swift; sourceTree = "<group>"; };
		9133DEE21CE1307300F8330E /* Info.plist */ = {isa = PBXFileReference; lastKnownFileType = text.plist.xml; path = Info.plist; sourceTree = "<group>"; };
		9170518C1D2D6FD7001B2680 /* BlankAddTableViewCell.swift */ = {isa = PBXFileReference; fileEncoding = 4; lastKnownFileType = sourcecode.swift; path = BlankAddTableViewCell.swift; sourceTree = "<group>"; };
		9195A5AD1CE780C300C24D8F /* LoginViewController.swift */ = {isa = PBXFileReference; fileEncoding = 4; lastKnownFileType = sourcecode.swift; path = LoginViewController.swift; sourceTree = "<group>"; };
		9195A5B21CE78CCD00C24D8F /* DataModel.xcdatamodel */ = {isa = PBXFileReference; lastKnownFileType = wrapper.xcdatamodel; path = DataModel.xcdatamodel; sourceTree = "<group>"; };
		9195A5B41CE7908B00C24D8F /* HomeViewController.swift */ = {isa = PBXFileReference; fileEncoding = 4; lastKnownFileType = sourcecode.swift; path = HomeViewController.swift; sourceTree = "<group>"; };
		9195A5B81CE7AC1000C24D8F /* AppTableViewCell.swift */ = {isa = PBXFileReference; fileEncoding = 4; lastKnownFileType = sourcecode.swift; path = AppTableViewCell.swift; sourceTree = "<group>"; };
		919D7D571CEA71BB00055A0A /* SettingsViewController.swift */ = {isa = PBXFileReference; fileEncoding = 4; lastKnownFileType = sourcecode.swift; path = SettingsViewController.swift; sourceTree = "<group>"; };
		91C237E61D04F91E00E00B0B /* AddViewController.swift */ = {isa = PBXFileReference; fileEncoding = 4; lastKnownFileType = sourcecode.swift; path = AddViewController.swift; sourceTree = "<group>"; };
		91E215C41CFE6E980031B75F /* TruckSearchNRTableViewCell.swift */ = {isa = PBXFileReference; fileEncoding = 4; lastKnownFileType = sourcecode.swift; path = TruckSearchNRTableViewCell.swift; sourceTree = "<group>"; };
		BB76D7350A46263267905C88 /* Pods_ClydeLink_AppsUITests.framework */ = {isa = PBXFileReference; explicitFileType = wrapper.framework; includeInIndex = 0; path = Pods_ClydeLink_AppsUITests.framework; sourceTree = BUILT_PRODUCTS_DIR; };
		BEAE74D78016B59E01845260 /* Pods_ClydeLink_Apps.framework */ = {isa = PBXFileReference; explicitFileType = wrapper.framework; includeInIndex = 0; path = Pods_ClydeLink_Apps.framework; sourceTree = BUILT_PRODUCTS_DIR; };
		ED41B4851F2A6475A3022D79 /* Pods_ClydeLink_AppsTests.framework */ = {isa = PBXFileReference; explicitFileType = wrapper.framework; includeInIndex = 0; path = Pods_ClydeLink_AppsTests.framework; sourceTree = BUILT_PRODUCTS_DIR; };
/* End PBXFileReference section */

/* Begin PBXFrameworksBuildPhase section */
		9133DEBA1CE1307300F8330E /* Frameworks */ = {
			isa = PBXFrameworksBuildPhase;
			buildActionMask = 2147483647;
			files = (
				969D4CA04D3DE78627DFFB97 /* Pods_ClydeLink_Apps.framework in Frameworks */,
			);
			runOnlyForDeploymentPostprocessing = 0;
		};
		9133DECE1CE1307300F8330E /* Frameworks */ = {
			isa = PBXFrameworksBuildPhase;
			buildActionMask = 2147483647;
			files = (
			);
			runOnlyForDeploymentPostprocessing = 0;
		};
		9133DED91CE1307300F8330E /* Frameworks */ = {
			isa = PBXFrameworksBuildPhase;
			buildActionMask = 2147483647;
			files = (
			);
			runOnlyForDeploymentPostprocessing = 0;
		};
/* End PBXFrameworksBuildPhase section */

/* Begin PBXGroup section */
		86F0A7C060313044F6A53DDC /* Frameworks */ = {
			isa = PBXGroup;
			children = (
				ED41B4851F2A6475A3022D79 /* Pods_ClydeLink_AppsTests.framework */,
				BB76D7350A46263267905C88 /* Pods_ClydeLink_AppsUITests.framework */,
				BEAE74D78016B59E01845260 /* Pods_ClydeLink_Apps.framework */,
			);
			name = Frameworks;
			sourceTree = "<group>";
		};
		9133DEB41CE1307300F8330E = {
			isa = PBXGroup;
			children = (
				9133DEBF1CE1307300F8330E /* ClydeLink Apps */,
				9133DED41CE1307300F8330E /* ClydeLink AppsTests */,
				9133DEDF1CE1307300F8330E /* ClydeLink AppsUITests */,
				9133DEBE1CE1307300F8330E /* Products */,
				9616046A9F7B4AA9697CC2E8 /* Pods */,
				86F0A7C060313044F6A53DDC /* Frameworks */,
			);
			sourceTree = "<group>";
		};
		9133DEBE1CE1307300F8330E /* Products */ = {
			isa = PBXGroup;
			children = (
				9133DEBD1CE1307300F8330E /* ClydeLink Apps.app */,
				9133DED11CE1307300F8330E /* ClydeLink AppsTests.xctest */,
				9133DEDC1CE1307300F8330E /* ClydeLink AppsUITests.xctest */,
			);
			name = Products;
			sourceTree = "<group>";
		};
		9133DEBF1CE1307300F8330E /* ClydeLink Apps */ = {
			isa = PBXGroup;
			children = (
				9152B3DF1D28563D0064723D /* TableView Cells */,
				9195A5BC1CE7FAEC00C24D8F /* View Controllers */,
				9152B3DD1D22F4F50064723D /* Supporting Files */,
				9152B3E01D28568F0064723D /* Auxiliary Files */,
				9133DEC41CE1307300F8330E /* Main.storyboard */,
				9133DEC91CE1307300F8330E /* LaunchScreen.storyboard */,
			);
			path = "ClydeLink Apps";
			sourceTree = "<group>";
		};
		9133DED41CE1307300F8330E /* ClydeLink AppsTests */ = {
			isa = PBXGroup;
			children = (
				9133DED51CE1307300F8330E /* ClydeLink_AppsTests.swift */,
				9133DED71CE1307300F8330E /* Info.plist */,
			);
			path = "ClydeLink AppsTests";
			sourceTree = "<group>";
		};
		9133DEDF1CE1307300F8330E /* ClydeLink AppsUITests */ = {
			isa = PBXGroup;
			children = (
				9133DEE01CE1307300F8330E /* ClydeLink_AppsUITests.swift */,
				9133DEE21CE1307300F8330E /* Info.plist */,
			);
			path = "ClydeLink AppsUITests";
			sourceTree = "<group>";
		};
		9152B3DD1D22F4F50064723D /* Supporting Files */ = {
			isa = PBXGroup;
			children = (
				385E68B11D2C1CD300302062 /* SyncNow.swift */,
				9133DEC01CE1307300F8330E /* AppDelegate.swift */,
				3834F4171D013513006E9EFA /* App.swift */,
				9133DEC71CE1307300F8330E /* Assets.xcassets */,
				9133DECC1CE1307300F8330E /* Info.plist */,
				9195A5B11CE78CCD00C24D8F /* DataModel.xcdatamodeld */,
			);
			name = "Supporting Files";
			sourceTree = "<group>";
		};
		9152B3DF1D28563D0064723D /* TableView Cells */ = {
			isa = PBXGroup;
			children = (
				9195A5B81CE7AC1000C24D8F /* AppTableViewCell.swift */,
				38783BB91D09E4BC003987C5 /* AddTableViewCell.swift */,
				91007C711CEE32EF006C8EED /* TruckSearchTableViewCell.swift */,
				91E215C41CFE6E980031B75F /* TruckSearchNRTableViewCell.swift */,
				9170518C1D2D6FD7001B2680 /* BlankAddTableViewCell.swift */,
				389CDE4A1D2D705000CD7CDB /* BlankFavoriteTableViewCell.swift */,
			);
			name = "TableView Cells";
			sourceTree = "<group>";
		};
		9152B3E01D28568F0064723D /* Auxiliary Files */ = {
			isa = PBXGroup;
			children = (
				9195A5AD1CE780C300C24D8F /* LoginViewController.swift */,
			);
			name = "Auxiliary Files";
			sourceTree = "<group>";
		};
		9195A5BC1CE7FAEC00C24D8F /* View Controllers */ = {
			isa = PBXGroup;
			children = (
				911E16C01CE24AA20062527E /* ConstructionViewController.swift */,
				911E16CA1CE4F5F40062527E /* TruckSearchViewController.swift */,
				9195A5B41CE7908B00C24D8F /* HomeViewController.swift */,
				919D7D571CEA71BB00055A0A /* SettingsViewController.swift */,
				91C237E61D04F91E00E00B0B /* AddViewController.swift */,
			);
			name = "View Controllers";
			sourceTree = "<group>";
		};
		9616046A9F7B4AA9697CC2E8 /* Pods */ = {
			isa = PBXGroup;
			children = (
				5BAC453A2475999DCD032640 /* Pods-ClydeLink Apps.debug.xcconfig */,
				0B1A6533EB396CAC1ABB74BA /* Pods-ClydeLink Apps.release.xcconfig */,
			);
			name = Pods;
			sourceTree = "<group>";
		};
/* End PBXGroup section */

/* Begin PBXNativeTarget section */
		9133DEBC1CE1307300F8330E /* ClydeLink Apps */ = {
			isa = PBXNativeTarget;
			buildConfigurationList = 9133DEE51CE1307300F8330E /* Build configuration list for PBXNativeTarget "ClydeLink Apps" */;
			buildPhases = (
				C82982D61E6A9B209680E807 /* [CP] Check Pods Manifest.lock */,
				9133DEB91CE1307300F8330E /* Sources */,
				9133DEBA1CE1307300F8330E /* Frameworks */,
				9133DEBB1CE1307300F8330E /* Resources */,
				CF55CE33C43104E8C5700255 /* [CP] Embed Pods Frameworks */,
				7D5B2DA1174A6026974FB1A1 /* [CP] Copy Pods Resources */,
				09B9F0F01E98202E00C672E7 /* Embed Frameworks */,
			);
			buildRules = (
			);
			dependencies = (
			);
			name = "ClydeLink Apps";
			productName = "ClydeLink Apps";
			productReference = 9133DEBD1CE1307300F8330E /* ClydeLink Apps.app */;
			productType = "com.apple.product-type.application";
		};
		9133DED01CE1307300F8330E /* ClydeLink AppsTests */ = {
			isa = PBXNativeTarget;
			buildConfigurationList = 9133DEE81CE1307300F8330E /* Build configuration list for PBXNativeTarget "ClydeLink AppsTests" */;
			buildPhases = (
				9133DECD1CE1307300F8330E /* Sources */,
				9133DECE1CE1307300F8330E /* Frameworks */,
				9133DECF1CE1307300F8330E /* Resources */,
			);
			buildRules = (
			);
			dependencies = (
				9133DED31CE1307300F8330E /* PBXTargetDependency */,
			);
			name = "ClydeLink AppsTests";
			productName = "ClydeLink AppsTests";
			productReference = 9133DED11CE1307300F8330E /* ClydeLink AppsTests.xctest */;
			productType = "com.apple.product-type.bundle.unit-test";
		};
		9133DEDB1CE1307300F8330E /* ClydeLink AppsUITests */ = {
			isa = PBXNativeTarget;
			buildConfigurationList = 9133DEEB1CE1307300F8330E /* Build configuration list for PBXNativeTarget "ClydeLink AppsUITests" */;
			buildPhases = (
				9133DED81CE1307300F8330E /* Sources */,
				9133DED91CE1307300F8330E /* Frameworks */,
				9133DEDA1CE1307300F8330E /* Resources */,
			);
			buildRules = (
			);
			dependencies = (
				9133DEDE1CE1307300F8330E /* PBXTargetDependency */,
			);
			name = "ClydeLink AppsUITests";
			productName = "ClydeLink AppsUITests";
			productReference = 9133DEDC1CE1307300F8330E /* ClydeLink AppsUITests.xctest */;
			productType = "com.apple.product-type.bundle.ui-testing";
		};
/* End PBXNativeTarget section */

/* Begin PBXProject section */
		9133DEB51CE1307300F8330E /* Project object */ = {
			isa = PBXProject;
			attributes = {
				LastSwiftUpdateCheck = 0730;
				LastUpgradeCheck = 0800;
				ORGANIZATIONNAME = "XLR8 Development LLC";
				TargetAttributes = {
					9133DEBC1CE1307300F8330E = {
						CreatedOnToolsVersion = 7.3.1;
						DevelopmentTeam = BJ8N6ZWL59;
						LastSwiftMigration = 0800;
					};
					9133DED01CE1307300F8330E = {
						CreatedOnToolsVersion = 7.3.1;
						LastSwiftMigration = 0800;
						TestTargetID = 9133DEBC1CE1307300F8330E;
					};
					9133DEDB1CE1307300F8330E = {
						CreatedOnToolsVersion = 7.3.1;
						LastSwiftMigration = 0800;
						TestTargetID = 9133DEBC1CE1307300F8330E;
					};
				};
			};
			buildConfigurationList = 9133DEB81CE1307300F8330E /* Build configuration list for PBXProject "ClydeLink Apps" */;
			compatibilityVersion = "Xcode 3.2";
			developmentRegion = English;
			hasScannedForEncodings = 0;
			knownRegions = (
				en,
				Base,
			);
			mainGroup = 9133DEB41CE1307300F8330E;
			productRefGroup = 9133DEBE1CE1307300F8330E /* Products */;
			projectDirPath = "";
			projectRoot = "";
			targets = (
				9133DEBC1CE1307300F8330E /* ClydeLink Apps */,
				9133DED01CE1307300F8330E /* ClydeLink AppsTests */,
				9133DEDB1CE1307300F8330E /* ClydeLink AppsUITests */,
			);
		};
/* End PBXProject section */

/* Begin PBXResourcesBuildPhase section */
		9133DEBB1CE1307300F8330E /* Resources */ = {
			isa = PBXResourcesBuildPhase;
			buildActionMask = 2147483647;
			files = (
				9133DECB1CE1307300F8330E /* LaunchScreen.storyboard in Resources */,
				9133DEC81CE1307300F8330E /* Assets.xcassets in Resources */,
				9133DEC61CE1307300F8330E /* Main.storyboard in Resources */,
			);
			runOnlyForDeploymentPostprocessing = 0;
		};
		9133DECF1CE1307300F8330E /* Resources */ = {
			isa = PBXResourcesBuildPhase;
			buildActionMask = 2147483647;
			files = (
			);
			runOnlyForDeploymentPostprocessing = 0;
		};
		9133DEDA1CE1307300F8330E /* Resources */ = {
			isa = PBXResourcesBuildPhase;
			buildActionMask = 2147483647;
			files = (
			);
			runOnlyForDeploymentPostprocessing = 0;
		};
/* End PBXResourcesBuildPhase section */

/* Begin PBXShellScriptBuildPhase section */
		7D5B2DA1174A6026974FB1A1 /* [CP] Copy Pods Resources */ = {
			isa = PBXShellScriptBuildPhase;
			buildActionMask = 8;
			files = (
			);
			inputPaths = (
			);
			name = "[CP] Copy Pods Resources";
			outputPaths = (
			);
			runOnlyForDeploymentPostprocessing = 1;
			shellPath = /bin/sh;
			shellScript = "\"${SRCROOT}/Pods/Target Support Files/Pods-ClydeLink Apps/Pods-ClydeLink Apps-resources.sh\"\n";
			showEnvVarsInLog = 0;
		};
		C82982D61E6A9B209680E807 /* [CP] Check Pods Manifest.lock */ = {
			isa = PBXShellScriptBuildPhase;
			buildActionMask = 2147483647;
			files = (
			);
			inputPaths = (
			);
			name = "[CP] Check Pods Manifest.lock";
			outputPaths = (
			);
			runOnlyForDeploymentPostprocessing = 0;
			shellPath = /bin/sh;
			shellScript = "diff \"${PODS_ROOT}/../Podfile.lock\" \"${PODS_ROOT}/Manifest.lock\" > /dev/null\nif [ $? != 0 ] ; then\n    # print error to STDERR\n    echo \"error: The sandbox is not in sync with the Podfile.lock. Run 'pod install' or update your CocoaPods installation.\" >&2\n    exit 1\nfi\n";
			showEnvVarsInLog = 0;
		};
		CF55CE33C43104E8C5700255 /* [CP] Embed Pods Frameworks */ = {
			isa = PBXShellScriptBuildPhase;
			buildActionMask = 2147483647;
			files = (
			);
			inputPaths = (
			);
			name = "[CP] Embed Pods Frameworks";
			outputPaths = (
			);
			runOnlyForDeploymentPostprocessing = 0;
			shellPath = /bin/sh;
			shellScript = "\"${SRCROOT}/Pods/Target Support Files/Pods-ClydeLink Apps/Pods-ClydeLink Apps-frameworks.sh\"\n";
			showEnvVarsInLog = 0;
		};
/* End PBXShellScriptBuildPhase section */

/* Begin PBXSourcesBuildPhase section */
		9133DEB91CE1307300F8330E /* Sources */ = {
			isa = PBXSourcesBuildPhase;
			buildActionMask = 2147483647;
			files = (
				9195A5B91CE7AC1000C24D8F /* AppTableViewCell.swift in Sources */,
				91007C721CEE32EF006C8EED /* TruckSearchTableViewCell.swift in Sources */,
				91E215C51CFE6E980031B75F /* TruckSearchNRTableViewCell.swift in Sources */,
				911E16CB1CE4F5F40062527E /* TruckSearchViewController.swift in Sources */,
				91C237E71D04F91E00E00B0B /* AddViewController.swift in Sources */,
				3834F4181D013513006E9EFA /* App.swift in Sources */,
				9195A5B51CE7908B00C24D8F /* HomeViewController.swift in Sources */,
				9195A5B31CE78CCD00C24D8F /* DataModel.xcdatamodeld in Sources */,
				9133DEC11CE1307300F8330E /* AppDelegate.swift in Sources */,
				385E68B21D2C1CD300302062 /* SyncNow.swift in Sources */,
				9195A5AE1CE780C300C24D8F /* LoginViewController.swift in Sources */,
				38783BBA1D09E4BC003987C5 /* AddTableViewCell.swift in Sources */,
				9170518D1D2D6FD7001B2680 /* BlankAddTableViewCell.swift in Sources */,
				389CDE4B1D2D705000CD7CDB /* BlankFavoriteTableViewCell.swift in Sources */,
				911E16C11CE24AA20062527E /* ConstructionViewController.swift in Sources */,
				919D7D581CEA71BB00055A0A /* SettingsViewController.swift in Sources */,
			);
			runOnlyForDeploymentPostprocessing = 0;
		};
		9133DECD1CE1307300F8330E /* Sources */ = {
			isa = PBXSourcesBuildPhase;
			buildActionMask = 2147483647;
			files = (
				9133DED61CE1307300F8330E /* ClydeLink_AppsTests.swift in Sources */,
			);
			runOnlyForDeploymentPostprocessing = 0;
		};
		9133DED81CE1307300F8330E /* Sources */ = {
			isa = PBXSourcesBuildPhase;
			buildActionMask = 2147483647;
			files = (
				9133DEE11CE1307300F8330E /* ClydeLink_AppsUITests.swift in Sources */,
			);
			runOnlyForDeploymentPostprocessing = 0;
		};
/* End PBXSourcesBuildPhase section */

/* Begin PBXTargetDependency section */
		9133DED31CE1307300F8330E /* PBXTargetDependency */ = {
			isa = PBXTargetDependency;
			target = 9133DEBC1CE1307300F8330E /* ClydeLink Apps */;
			targetProxy = 9133DED21CE1307300F8330E /* PBXContainerItemProxy */;
		};
		9133DEDE1CE1307300F8330E /* PBXTargetDependency */ = {
			isa = PBXTargetDependency;
			target = 9133DEBC1CE1307300F8330E /* ClydeLink Apps */;
			targetProxy = 9133DEDD1CE1307300F8330E /* PBXContainerItemProxy */;
		};
/* End PBXTargetDependency section */

/* Begin PBXVariantGroup section */
		9133DEC41CE1307300F8330E /* Main.storyboard */ = {
			isa = PBXVariantGroup;
			children = (
				9133DEC51CE1307300F8330E /* Base */,
			);
			name = Main.storyboard;
			sourceTree = "<group>";
		};
		9133DEC91CE1307300F8330E /* LaunchScreen.storyboard */ = {
			isa = PBXVariantGroup;
			children = (
				9133DECA1CE1307300F8330E /* Base */,
			);
			name = LaunchScreen.storyboard;
			sourceTree = "<group>";
		};
/* End PBXVariantGroup section */

/* Begin XCBuildConfiguration section */
		9133DEE31CE1307300F8330E /* Debug */ = {
			isa = XCBuildConfiguration;
			buildSettings = {
				ALWAYS_SEARCH_USER_PATHS = NO;
				CLANG_ANALYZER_NONNULL = YES;
				CLANG_CXX_LANGUAGE_STANDARD = "gnu++0x";
				CLANG_CXX_LIBRARY = "libc++";
				CLANG_ENABLE_MODULES = YES;
				CLANG_ENABLE_OBJC_ARC = YES;
				CLANG_WARN_BOOL_CONVERSION = YES;
				CLANG_WARN_CONSTANT_CONVERSION = YES;
				CLANG_WARN_DIRECT_OBJC_ISA_USAGE = YES_ERROR;
				CLANG_WARN_EMPTY_BODY = YES;
				CLANG_WARN_ENUM_CONVERSION = YES;
				CLANG_WARN_INFINITE_RECURSION = YES;
				CLANG_WARN_INT_CONVERSION = YES;
				CLANG_WARN_OBJC_ROOT_CLASS = YES_ERROR;
				CLANG_WARN_SUSPICIOUS_MOVE = YES;
				CLANG_WARN_UNREACHABLE_CODE = YES;
				CLANG_WARN__DUPLICATE_METHOD_MATCH = YES;
				"CODE_SIGN_IDENTITY[sdk=iphoneos*]" = "iPhone Developer";
				COPY_PHASE_STRIP = NO;
				DEBUG_INFORMATION_FORMAT = dwarf;
				ENABLE_STRICT_OBJC_MSGSEND = YES;
				ENABLE_TESTABILITY = YES;
				GCC_C_LANGUAGE_STANDARD = gnu99;
				GCC_DYNAMIC_NO_PIC = NO;
				GCC_NO_COMMON_BLOCKS = YES;
				GCC_OPTIMIZATION_LEVEL = 0;
				GCC_PREPROCESSOR_DEFINITIONS = (
					"DEBUG=1",
					"$(inherited)",
				);
				GCC_WARN_64_TO_32_BIT_CONVERSION = YES;
				GCC_WARN_ABOUT_RETURN_TYPE = YES_ERROR;
				GCC_WARN_UNDECLARED_SELECTOR = YES;
				GCC_WARN_UNINITIALIZED_AUTOS = YES_AGGRESSIVE;
				GCC_WARN_UNUSED_FUNCTION = YES;
				GCC_WARN_UNUSED_VARIABLE = YES;
				IPHONEOS_DEPLOYMENT_TARGET = 9.3;
				MTL_ENABLE_DEBUG_INFO = YES;
				ONLY_ACTIVE_ARCH = YES;
				SDKROOT = iphoneos;
				SWIFT_OPTIMIZATION_LEVEL = "-Onone";
			};
			name = Debug;
		};
		9133DEE41CE1307300F8330E /* Release */ = {
			isa = XCBuildConfiguration;
			buildSettings = {
				ALWAYS_SEARCH_USER_PATHS = NO;
				CLANG_ANALYZER_NONNULL = YES;
				CLANG_CXX_LANGUAGE_STANDARD = "gnu++0x";
				CLANG_CXX_LIBRARY = "libc++";
				CLANG_ENABLE_MODULES = YES;
				CLANG_ENABLE_OBJC_ARC = YES;
				CLANG_WARN_BOOL_CONVERSION = YES;
				CLANG_WARN_CONSTANT_CONVERSION = YES;
				CLANG_WARN_DIRECT_OBJC_ISA_USAGE = YES_ERROR;
				CLANG_WARN_EMPTY_BODY = YES;
				CLANG_WARN_ENUM_CONVERSION = YES;
				CLANG_WARN_INFINITE_RECURSION = YES;
				CLANG_WARN_INT_CONVERSION = YES;
				CLANG_WARN_OBJC_ROOT_CLASS = YES_ERROR;
				CLANG_WARN_SUSPICIOUS_MOVE = YES;
				CLANG_WARN_UNREACHABLE_CODE = YES;
				CLANG_WARN__DUPLICATE_METHOD_MATCH = YES;
				"CODE_SIGN_IDENTITY[sdk=iphoneos*]" = "iPhone Developer";
				COPY_PHASE_STRIP = NO;
				DEBUG_INFORMATION_FORMAT = "dwarf-with-dsym";
				ENABLE_NS_ASSERTIONS = NO;
				ENABLE_STRICT_OBJC_MSGSEND = YES;
				GCC_C_LANGUAGE_STANDARD = gnu99;
				GCC_NO_COMMON_BLOCKS = YES;
				GCC_WARN_64_TO_32_BIT_CONVERSION = YES;
				GCC_WARN_ABOUT_RETURN_TYPE = YES_ERROR;
				GCC_WARN_UNDECLARED_SELECTOR = YES;
				GCC_WARN_UNINITIALIZED_AUTOS = YES_AGGRESSIVE;
				GCC_WARN_UNUSED_FUNCTION = YES;
				GCC_WARN_UNUSED_VARIABLE = YES;
				IPHONEOS_DEPLOYMENT_TARGET = 9.3;
				MTL_ENABLE_DEBUG_INFO = NO;
				SDKROOT = iphoneos;
				SWIFT_OPTIMIZATION_LEVEL = "-Owholemodule";
				VALIDATE_PRODUCT = YES;
			};
			name = Release;
		};
		9133DEE61CE1307300F8330E /* Debug */ = {
			isa = XCBuildConfiguration;
			baseConfigurationReference = 5BAC453A2475999DCD032640 /* Pods-ClydeLink Apps.debug.xcconfig */;
			buildSettings = {
				ALWAYS_EMBED_SWIFT_STANDARD_LIBRARIES = YES;
				ASSETCATALOG_COMPILER_APPICON_NAME = AppIcon;
				CODE_SIGN_IDENTITY = "iPhone Developer";
				"CODE_SIGN_IDENTITY[sdk=iphoneos*]" = "iPhone Developer";
				DEVELOPMENT_TEAM = BJ8N6ZWL59;
				INFOPLIST_FILE = "ClydeLink Apps/Info.plist";
				IPHONEOS_DEPLOYMENT_TARGET = 9.3;
				LD_RUNPATH_SEARCH_PATHS = "$(inherited) @executable_path/Frameworks";
				PRODUCT_BUNDLE_IDENTIFIER = com.clydelink.ClydeLinkApps;
				PRODUCT_NAME = "$(TARGET_NAME)";
				PROVISIONING_PROFILE = "";
				SWIFT_OBJC_BRIDGING_HEADER = "";
				SWIFT_VERSION = 3.0;
				TARGETED_DEVICE_FAMILY = "1,2";
			};
			name = Debug;
		};
		9133DEE71CE1307300F8330E /* Release */ = {
			isa = XCBuildConfiguration;
			baseConfigurationReference = 0B1A6533EB396CAC1ABB74BA /* Pods-ClydeLink Apps.release.xcconfig */;
			buildSettings = {
				ALWAYS_EMBED_SWIFT_STANDARD_LIBRARIES = YES;
				ASSETCATALOG_COMPILER_APPICON_NAME = AppIcon;
				CODE_SIGN_IDENTITY = "iPhone Developer";
				"CODE_SIGN_IDENTITY[sdk=iphoneos*]" = "iPhone Developer";
				DEVELOPMENT_TEAM = BJ8N6ZWL59;
				INFOPLIST_FILE = "ClydeLink Apps/Info.plist";
				IPHONEOS_DEPLOYMENT_TARGET = 9.3;
				LD_RUNPATH_SEARCH_PATHS = "$(inherited) @executable_path/Frameworks";
				PRODUCT_BUNDLE_IDENTIFIER = com.clydelink.ClydeLinkApps;
				PRODUCT_NAME = "$(TARGET_NAME)";
				PROVISIONING_PROFILE = "";
				SWIFT_OBJC_BRIDGING_HEADER = "";
				SWIFT_VERSION = 3.0;
				TARGETED_DEVICE_FAMILY = "1,2";
			};
			name = Release;
		};
		9133DEE91CE1307300F8330E /* Debug */ = {
			isa = XCBuildConfiguration;
			buildSettings = {
				BUNDLE_LOADER = "$(TEST_HOST)";
				INFOPLIST_FILE = "ClydeLink AppsTests/Info.plist";
				LD_RUNPATH_SEARCH_PATHS = "$(inherited) @executable_path/Frameworks @loader_path/Frameworks";
				PRODUCT_BUNDLE_IDENTIFIER = "XLR8.ClydeLink-AppsTests";
				PRODUCT_NAME = "$(TARGET_NAME)";
				SWIFT_VERSION = 3.0;
				TEST_HOST = "$(BUILT_PRODUCTS_DIR)/ClydeLink Apps.app/ClydeLink Apps";
			};
			name = Debug;
		};
		9133DEEA1CE1307300F8330E /* Release */ = {
			isa = XCBuildConfiguration;
			buildSettings = {
				BUNDLE_LOADER = "$(TEST_HOST)";
				INFOPLIST_FILE = "ClydeLink AppsTests/Info.plist";
				LD_RUNPATH_SEARCH_PATHS = "$(inherited) @executable_path/Frameworks @loader_path/Frameworks";
				PRODUCT_BUNDLE_IDENTIFIER = "XLR8.ClydeLink-AppsTests";
				PRODUCT_NAME = "$(TARGET_NAME)";
				SWIFT_VERSION = 3.0;
				TEST_HOST = "$(BUILT_PRODUCTS_DIR)/ClydeLink Apps.app/ClydeLink Apps";
			};
			name = Release;
		};
		9133DEEC1CE1307300F8330E /* Debug */ = {
			isa = XCBuildConfiguration;
			buildSettings = {
				INFOPLIST_FILE = "ClydeLink AppsUITests/Info.plist";
				LD_RUNPATH_SEARCH_PATHS = "$(inherited) @executable_path/Frameworks @loader_path/Frameworks";
				PRODUCT_BUNDLE_IDENTIFIER = "XLR8.ClydeLink-AppsUITests";
				PRODUCT_NAME = "$(TARGET_NAME)";
				SWIFT_VERSION = 3.0;
				TEST_TARGET_NAME = "ClydeLink Apps";
			};
			name = Debug;
		};
		9133DEED1CE1307300F8330E /* Release */ = {
			isa = XCBuildConfiguration;
			buildSettings = {
				INFOPLIST_FILE = "ClydeLink AppsUITests/Info.plist";
				LD_RUNPATH_SEARCH_PATHS = "$(inherited) @executable_path/Frameworks @loader_path/Frameworks";
				PRODUCT_BUNDLE_IDENTIFIER = "XLR8.ClydeLink-AppsUITests";
				PRODUCT_NAME = "$(TARGET_NAME)";
				SWIFT_VERSION = 3.0;
				TEST_TARGET_NAME = "ClydeLink Apps";
			};
			name = Release;
		};
/* End XCBuildConfiguration section */

/* Begin XCConfigurationList section */
		9133DEB81CE1307300F8330E /* Build configuration list for PBXProject "ClydeLink Apps" */ = {
			isa = XCConfigurationList;
			buildConfigurations = (
				9133DEE31CE1307300F8330E /* Debug */,
				9133DEE41CE1307300F8330E /* Release */,
			);
			defaultConfigurationIsVisible = 0;
			defaultConfigurationName = Release;
		};
		9133DEE51CE1307300F8330E /* Build configuration list for PBXNativeTarget "ClydeLink Apps" */ = {
			isa = XCConfigurationList;
			buildConfigurations = (
				9133DEE61CE1307300F8330E /* Debug */,
				9133DEE71CE1307300F8330E /* Release */,
			);
			defaultConfigurationIsVisible = 0;
			defaultConfigurationName = Release;
		};
		9133DEE81CE1307300F8330E /* Build configuration list for PBXNativeTarget "ClydeLink AppsTests" */ = {
			isa = XCConfigurationList;
			buildConfigurations = (
				9133DEE91CE1307300F8330E /* Debug */,
				9133DEEA1CE1307300F8330E /* Release */,
			);
			defaultConfigurationIsVisible = 0;
			defaultConfigurationName = Release;
		};
		9133DEEB1CE1307300F8330E /* Build configuration list for PBXNativeTarget "ClydeLink AppsUITests" */ = {
			isa = XCConfigurationList;
			buildConfigurations = (
				9133DEEC1CE1307300F8330E /* Debug */,
				9133DEED1CE1307300F8330E /* Release */,
			);
			defaultConfigurationIsVisible = 0;
			defaultConfigurationName = Release;
		};
/* End XCConfigurationList section */

/* Begin XCVersionGroup section */
		9195A5B11CE78CCD00C24D8F /* DataModel.xcdatamodeld */ = {
			isa = XCVersionGroup;
			children = (
				9195A5B21CE78CCD00C24D8F /* DataModel.xcdatamodel */,
			);
			currentVersion = 9195A5B21CE78CCD00C24D8F /* DataModel.xcdatamodel */;
			path = DataModel.xcdatamodeld;
			sourceTree = "<group>";
			versionGroupType = wrapper.xcdatamodel;
		};
/* End XCVersionGroup section */
	};
	rootObject = 9133DEB51CE1307300F8330E /* Project object */;
}
